
Microsoft Visual Studio Solution File, Format Version 12.00
# Visual Studio 15
Project("{FAE04EC0-301F-11D3-BF4B-00C04F79EFBC}") = "Assembly-CSharp", "Assembly-CSharp.csproj", "{274DC1F4-51B7-E567-1700-D91A2581CD23}"
EndProject
Project("{FAE04EC0-301F-11D3-BF4B-00C04F79EFBC}") = "Meryel.CodeAssist.Editor", "Meryel.CodeAssist.Editor.csproj", "{CF0D9362-CBCB-7CA0-6465-EFD7D1D3F125}"
EndProject
Global
	GlobalSection(SolutionConfigurationPlatforms) = preSolution
		Debug|Any CPU = Debug|Any CPU
		Release|Any CPU = Release|Any CPU
	EndGlobalSection
	GlobalSection(ProjectConfigurationPlatforms) = postSolution
		{274DC1F4-51B7-E567-1700-D91A2581CD23}.Debug|Any CPU.ActiveCfg = Debug|Any CPU
		{274DC1F4-51B7-E567-1700-D91A2581CD23}.Debug|Any CPU.Build.0 = Debug|Any CPU
		{274DC1F4-51B7-E567-1700-D91A2581CD23}.Release|Any CPU.ActiveCfg = Release|Any CPU
		{274DC1F4-51B7-E567-1700-D91A2581CD23}.Release|Any CPU.Build.0 = Release|Any CPU
		{CF0D9362-CBCB-7CA0-6465-EFD7D1D3F125}.Debug|Any CPU.ActiveCfg = Debug|Any CPU
		{CF0D9362-CBCB-7CA0-6465-EFD7D1D3F125}.Debug|Any CPU.Build.0 = Debug|Any CPU
		{CF0D9362-CBCB-7CA0-6465-EFD7D1D3F125}.Release|Any CPU.ActiveCfg = Release|Any CPU
		{CF0D9362-CBCB-7CA0-6465-EFD7D1D3F125}.Release|Any CPU.Build.0 = Release|Any CPU
	EndGlobalSection
	GlobalSection(SolutionProperties) = preSolution
		HideSolutionNode = FALSE
	EndGlobalSection
EndGlobal
